{
    "_meta": {
        "hash": {
            "sha256": "9b5d0faa458f2d563c8de43c6cb902d1b2b44290f9315192a3319d1c18f79d57"
        },
        "pipfile-spec": 6,
        "requires": {
            "python_version": "3.7"
        },
        "sources": [
            {
                "name": "pypi",
                "url": "https://pypi.org/simple",
                "verify_ssl": true
            }
        ]
    },
    "default": {
        "aiofiles": {
            "hashes": [
                "sha256:021ea0ba314a86027c166ecc4b4c07f2d40fc0f4b3a950d1868a0f2571c2bbee",
                "sha256:1e644c2573f953664368de28d2aa4c89dfd64550429d0c27c4680ccd3aa4985d"
            ],
            "version": "==0.4.0"
        },
        "aniso8601": {
            "hashes": [
                "sha256:b8a6a9b24611fc50cf2d9b45d371bfdc4fd0581d1cc52254f5502130a776d4af",
                "sha256:bb167645c79f7a438f9dfab6161af9bed75508c645b1f07d1158240841d22673"
            ],
            "version": "==6.0.0"
        },
        "apispec": {
            "hashes": [
                "sha256:0bdfa1c56c0f3ff0ae7ca305c4140e633f467a9c371929018bf2cd85f45ae73f",
                "sha256:71271878a79f636e14056f854bfc35d2d8599eae8d48f1f5123d030b157dfb54"
            ],
            "version": "==2.0.0"
        },
        "apistar": {
            "hashes": [
                "sha256:8da0d3f15748c8ed6e68914ba5b8f6dd5dff5afbe137950d07103575df0bce73"
            ],
            "version": "==0.7.2"
        },
        "certifi": {
            "hashes": [
                "sha256:046832c04d4e752f37383b628bc601a7ea7211496b4638f6514d0e5b9acc4939",
                "sha256:945e3ba63a0b9f577b1395204e13c3a231f9bc0223888be653286534e5873695"
            ],
            "version": "==2019.6.16"
        },
        "chardet": {
            "hashes": [
                "sha256:84ab92ed1c4d4f16916e05906b6b75a6c0fb5db821cc65e70cbd64a3e2a5eaae",
                "sha256:fc323ffcaeaed0e0a02bf4d117757b98aed530d9ed4531e3e15460124c106691"
            ],
            "version": "==3.0.4"
        },
        "click": {
            "hashes": [
                "sha256:2335065e6395b9e67ca716de5f7526736bfa6ceead690adf616d925bdc622b13",
                "sha256:5b94b49521f6456670fdb30cd82a4eca9412788a93fa6dd6df72c94d5a8ff2d7"
            ],
            "version": "==7.0"
        },
        "docopt": {
            "hashes": [
                "sha256:49b3a825280bd66b3aa83585ef59c4a8c82f2c8a522dbe754a8bc8d08c85c491"
            ],
            "version": "==0.6.2"
        },
        "easyprocess": {
            "hashes": [
                "sha256:e1871651a3c9f192090c6f523f48bc73ba6ec651530a8c4cd7e2776a4c54d795",
                "sha256:f757cd16cdab5b87117b4ee6cf197f99bfa109253364c7bd717ad0bcd39218a0"
            ],
            "version": "==0.2.7"
        },
        "graphene": {
            "hashes": [
                "sha256:2ac16d6bb3bdba4da3daa0f6d15b74ac585ed6a016980f502c77c3e687c763bb",
                "sha256:fcbcb24ee960b2c768de4285fbd025aa98eed4ecb6a679bbd41985b05b4008c5"
            ],
            "version": "==2.1.6"
        },
        "graphql-core": {
            "hashes": [
                "sha256:60ef8277b82aaad49e87154a0288a9542a82a63909568375712f826b1c280ef5",
                "sha256:6288fe97c32d2f868a2dfe62e766dc85d48c96c1d085294edf44714190f2e4f3"
            ],
            "version": "==2.2"
        },
        "graphql-relay": {
            "hashes": [
                "sha256:2716b7245d97091af21abf096fabafac576905096d21ba7118fba722596f65db"
            ],
            "version": "==0.4.5"
        },
        "graphql-server-core": {
            "hashes": [
                "sha256:e5f82add4b3d5580aa1f1e7d9f00e944ad3abe1b65eb337e611d6a77cc20f231"
            ],
            "version": "==1.1.1"
        },
        "h11": {
            "hashes": [
                "sha256:acca6a44cb52a32ab442b1779adf0875c443c689e9e028f8d831a3769f9c5208",
                "sha256:f2b1ca39bfed357d1f19ac732913d5f9faa54a5062eca7d2ec3a916cfb7ae4c7"
            ],
            "version": "==0.8.1"
        },
        "httptools": {
            "hashes": [
                "sha256:e00cbd7ba01ff748e494248183abc6e153f49181169d8a3d41bb49132ca01dfc"
            ],
            "version": "==0.0.13"
        },
        "idna": {
            "hashes": [
                "sha256:c357b3f628cf53ae2c4c05627ecc484553142ca23264e593d327bcde5e9c3407",
                "sha256:ea8b7f6188e6fa117537c3df7da9fc686d485087abf6ac197f9c46432f7e4a3c"
            ],
            "version": "==2.8"
        },
        "itsdangerous": {
            "hashes": [
                "sha256:321b033d07f2a4136d3ec762eac9f16a10ccd60f53c0c91af90217ace7ba1f19",
                "sha256:b12271b2047cb23eeb98c8b5622e2e5c5e9abd9784a153e9d8ef9cb4dd09d749"
            ],
            "version": "==1.1.0"
        },
        "jinja2": {
            "hashes": [
                "sha256:065c4f02ebe7f7cf559e49ee5a95fb800a9e4528727aec6f24402a5374c65013",
                "sha256:14dd6caf1527abb21f08f86c784eac40853ba93edb79552aa1e4b8aef1b61c7b"
            ],
            "version": "==2.10.1"
        },
        "markupsafe": {
            "hashes": [
                "sha256:00bc623926325b26bb9605ae9eae8a215691f33cae5df11ca5424f06f2d1f473",
                "sha256:09027a7803a62ca78792ad89403b1b7a73a01c8cb65909cd876f7fcebd79b161",
                "sha256:09c4b7f37d6c648cb13f9230d847adf22f8171b1ccc4d5682398e77f40309235",
                "sha256:1027c282dad077d0bae18be6794e6b6b8c91d58ed8a8d89a89d59693b9131db5",
                "sha256:24982cc2533820871eba85ba648cd53d8623687ff11cbb805be4ff7b4c971aff",
                "sha256:29872e92839765e546828bb7754a68c418d927cd064fd4708fab9fe9c8bb116b",
                "sha256:43a55c2930bbc139570ac2452adf3d70cdbb3cfe5912c71cdce1c2c6bbd9c5d1",
                "sha256:46c99d2de99945ec5cb54f23c8cd5689f6d7177305ebff350a58ce5f8de1669e",
                "sha256:500d4957e52ddc3351cabf489e79c91c17f6e0899158447047588650b5e69183",
                "sha256:535f6fc4d397c1563d08b88e485c3496cf5784e927af890fb3c3aac7f933ec66",
                "sha256:62fe6c95e3ec8a7fad637b7f3d372c15ec1caa01ab47926cfdf7a75b40e0eac1",
                "sha256:6dd73240d2af64df90aa7c4e7481e23825ea70af4b4922f8ede5b9e35f78a3b1",
                "sha256:717ba8fe3ae9cc0006d7c451f0bb265ee07739daf76355d06366154ee68d221e",
                "sha256:79855e1c5b8da654cf486b830bd42c06e8780cea587384cf6545b7d9ac013a0b",
                "sha256:7c1699dfe0cf8ff607dbdcc1e9b9af1755371f92a68f706051cc8c37d447c905",
                "sha256:88e5fcfb52ee7b911e8bb6d6aa2fd21fbecc674eadd44118a9cc3863f938e735",
                "sha256:8defac2f2ccd6805ebf65f5eeb132adcf2ab57aa11fdf4c0dd5169a004710e7d",
                "sha256:98c7086708b163d425c67c7a91bad6e466bb99d797aa64f965e9d25c12111a5e",
                "sha256:9add70b36c5666a2ed02b43b335fe19002ee5235efd4b8a89bfcf9005bebac0d",
                "sha256:9bf40443012702a1d2070043cb6291650a0841ece432556f784f004937f0f32c",
                "sha256:ade5e387d2ad0d7ebf59146cc00c8044acbd863725f887353a10df825fc8ae21",
                "sha256:b00c1de48212e4cc9603895652c5c410df699856a2853135b3967591e4beebc2",
                "sha256:b1282f8c00509d99fef04d8ba936b156d419be841854fe901d8ae224c59f0be5",
                "sha256:b2051432115498d3562c084a49bba65d97cf251f5a331c64a12ee7e04dacc51b",
                "sha256:ba59edeaa2fc6114428f1637ffff42da1e311e29382d81b339c1817d37ec93c6",
                "sha256:c8716a48d94b06bb3b2524c2b77e055fb313aeb4ea620c8dd03a105574ba704f",
                "sha256:cd5df75523866410809ca100dc9681e301e3c27567cf498077e8551b6d20e42f",
                "sha256:e249096428b3ae81b08327a63a485ad0878de3fb939049038579ac0ef61e17e7"
            ],
            "version": "==1.1.1"
        },
        "marshmallow": {
            "hashes": [
                "sha256:9cedfc5b6f568d57e8a2cf3d293fbd81b05e5ef557854008d03e25660a39ccfd",
                "sha256:a4d99922116a76e5abd8f997ec0519086e24814b7e1e1344bebe2a312ba50235"
            ],
            "version": "==2.19.5"
        },
        "numpy": {
            "hashes": [
                "sha256:0778076e764e146d3078b17c24c4d89e0ecd4ac5401beff8e1c87879043a0633",
                "sha256:141c7102f20abe6cf0d54c4ced8d565b86df4d3077ba2343b61a6db996cefec7",
                "sha256:14270a1ee8917d11e7753fb54fc7ffd1934f4d529235beec0b275e2ccf00333b",
                "sha256:27e11c7a8ec9d5838bc59f809bfa86efc8a4fd02e58960fa9c49d998e14332d5",
                "sha256:2a04dda79606f3d2f760384c38ccd3d5b9bb79d4c8126b67aff5eb09a253763e",
                "sha256:3c26010c1b51e1224a3ca6b8df807de6e95128b0908c7e34f190e7775455b0ca",
                "sha256:52c40f1a4262c896420c6ea1c6fda62cf67070e3947e3307f5562bd783a90336",
                "sha256:6e4f8d9e8aa79321657079b9ac03f3cf3fd067bf31c1cca4f56d49543f4356a5",
                "sha256:7242be12a58fec245ee9734e625964b97cf7e3f2f7d016603f9e56660ce479c7",
                "sha256:7dc253b542bfd4b4eb88d9dbae4ca079e7bf2e2afd819ee18891a43db66c60c7",
                "sha256:94f5bd885f67bbb25c82d80184abbf7ce4f6c3c3a41fbaa4182f034bba803e69",
                "sha256:a89e188daa119ffa0d03ce5123dee3f8ffd5115c896c2a9d4f0dbb3d8b95bfa3",
                "sha256:ad3399da9b0ca36e2f24de72f67ab2854a62e623274607e37e0ce5f5d5fa9166",
                "sha256:b0348be89275fd1d4c44ffa39530c41a21062f52299b1e3ee7d1c61f060044b8",
                "sha256:b5554368e4ede1856121b0dfa35ce71768102e4aa55e526cb8de7f374ff78722",
                "sha256:cbddc56b2502d3f87fda4f98d948eb5b11f36ff3902e17cb6cc44727f2200525",
                "sha256:d79f18f41751725c56eceab2a886f021d70fd70a6188fd386e29a045945ffc10",
                "sha256:dc2ca26a19ab32dc475dbad9dfe723d3a64c835f4c23f625c2b6566ca32b9f29",
                "sha256:dd9bcd4f294eb0633bb33d1a74febdd2b9018b8b8ed325f861fffcd2c7660bb8",
                "sha256:e8baab1bc7c9152715844f1faca6744f2416929de10d7639ed49555a85549f52",
                "sha256:ec31fe12668af687b99acf1567399632a7c47b0e17cfb9ae47c098644ef36797",
                "sha256:f12b4f7e2d8f9da3141564e6737d79016fe5336cc92de6814eba579744f65b0a",
                "sha256:f58ac38d5ca045a377b3b377c84df8175ab992c970a53332fa8ac2373df44ff7"
            ],
            "version": "==1.16.4"
        },
        "opencv-python": {
            "hashes": [
                "sha256:1703a296a96d3d46615e5053f224867977accb4240bcaa0fcabcb0768bf5ac13",
                "sha256:1777ce7535ee7a1995cae168a107a1320e9df13648b930e72a1a2c2eccd64cda",
                "sha256:1e5520482fb18fbd64d079e7f17ac0018f195fd75f6360a53bb82d7903106b50",
                "sha256:25522dcf2529614750a71112a6659759080b4bdc2323f19d47f4d895960fd796",
                "sha256:2af5f2842ad44c65ae2647377e0ff198719e1a1cfc9c6a19bc0c525c035d4bd8",
                "sha256:31ec48d7eca13fc25c287dea7cecab453976e372cad8f50d55c054a247efda21",
                "sha256:47cf48ff5dbd554e9f58cc9e98cf0b5de3f6a971172612bffa06bc5fb79ce872",
                "sha256:494f98366bb5d6c2ac7e50e6617139f353704fd97a6d12ec9d392e72817d5cb0",
                "sha256:4a9845870739e640e3350a8d98d511c92c087fe3d66090e83be7bf94e0ac64f7",
                "sha256:4ac29cc0847d948a6636899014e84e165c30cc8779d6218394d44363462a01ce",
                "sha256:5857ace03b7854221abf8072462d306c2c2ce4e366190b21d90ee8ee8aaf5bb4",
                "sha256:5b4a23d99d5a2874767034466f5a8fd37b9f93ac14955a01b1a208983c76b9ad",
                "sha256:734d87a5021c037064beb62133e135e66c7128e401a63b8b842b809ae2093749",
                "sha256:78005c1c5d15ef4e32e0f485557bd15b5b6d87f49c19db7fe3e9246a61ebe7e4",
                "sha256:81ae2283225c5c52fc3d72debd4241c30ccff2bb922578bf7867f9851cce3acb",
                "sha256:88dbf900f297fdae0f62b899d6a784d8868ec2135854c5f8a9abbad00a6f0c5b",
                "sha256:8c98ea7b8d327a31cd6028782a06147d0e0329ae8e829e881fb5d02f7ed8aec9",
                "sha256:937d4686fef6967921145290f5b50c01c00c5b5d3542a6519e8a85cd88448723",
                "sha256:a057958c0e362b3c4f03b9af1cbdb6d5af035fd22ecd7fd794eba8fdeb049eb8",
                "sha256:c41eab31fa2c641226c6187caa391a688d064c99f078d604574f1912296b771f",
                "sha256:cf4f7e62d1f80d1fa85a1693a3500def5cde54b2b75212b3609e552e4c25acfb",
                "sha256:d90d60143e18334330c149f293071c9f2f3c79c896f33dc4ec65099e58baaaa7",
                "sha256:db3106b7ca86999a7bd1f2fcc93e49314e5e6e451356774e421a69428df5020b",
                "sha256:dbaf264db56f4771dfac6624f438bc4dc670aa94f61a6138848fcab7e9e77380",
                "sha256:e65206c4cf651dc9cf0829962fae8bec986767c9f123d6a1ad17f9356bf7257e",
                "sha256:eac94ddc78c58e891cff7180274317dad2938a4ddfc6ced1c04846c7f50e77e9",
                "sha256:f2e828711f044a965509c862b3a59b3181e9c56c145a950cb53d43fec54e66d2"
            ],
            "index": "pypi",
            "version": "==4.1.0.25"
        },
        "parse": {
            "hashes": [
                "sha256:1b68657434d371e5156048ca4a0c5aea5afc6ca59a2fea4dd1a575354f617142"
            ],
            "version": "==1.12.0"
        },
        "pillow": {
            "hashes": [
                "sha256:15c056bfa284c30a7f265a41ac4cbbc93bdbfc0dfe0613b9cb8a8581b51a9e55",
                "sha256:1a4e06ba4f74494ea0c58c24de2bb752818e9d504474ec95b0aa94f6b0a7e479",
                "sha256:1c3c707c76be43c9e99cb7e3d5f1bee1c8e5be8b8a2a5eeee665efbf8ddde91a",
                "sha256:1fd0b290203e3b0882d9605d807b03c0f47e3440f97824586c173eca0aadd99d",
                "sha256:24114e4a6e1870c5a24b1da8f60d0ba77a0b4027907860188ea82bd3508c80eb",
                "sha256:258d886a49b6b058cd7abb0ab4b2b85ce78669a857398e83e8b8e28b317b5abb",
                "sha256:33c79b6dd6bc7f65079ab9ca5bebffb5f5d1141c689c9c6a7855776d1b09b7e8",
                "sha256:367385fc797b2c31564c427430c7a8630db1a00bd040555dfc1d5c52e39fcd72",
                "sha256:3c1884ff078fb8bf5f63d7d86921838b82ed4a7d0c027add773c2f38b3168754",
                "sha256:44e5240e8f4f8861d748f2a58b3f04daadab5e22bfec896bf5434745f788f33f",
                "sha256:46aa988e15f3ea72dddd81afe3839437b755fffddb5e173886f11460be909dce",
                "sha256:74d90d499c9c736d52dd6d9b7221af5665b9c04f1767e35f5dd8694324bd4601",
                "sha256:809c0a2ce9032cbcd7b5313f71af4bdc5c8c771cb86eb7559afd954cab82ebb5",
                "sha256:85d1ef2cdafd5507c4221d201aaf62fc9276f8b0f71bd3933363e62a33abc734",
                "sha256:8c3889c7681af77ecfa4431cd42a2885d093ecb811e81fbe5e203abc07e0995b",
                "sha256:9218d81b9fca98d2c47d35d688a0cea0c42fd473159dfd5612dcb0483c63e40b",
                "sha256:9aa4f3827992288edd37c9df345783a69ef58bd20cc02e64b36e44bcd157bbf1",
                "sha256:9d80f44137a70b6f84c750d11019a3419f409c944526a95219bea0ac31f4dd91",
                "sha256:b7ebd36128a2fe93991293f997e44be9286503c7530ace6a55b938b20be288d8",
                "sha256:c4c78e2c71c257c136cdd43869fd3d5e34fc2162dc22e4a5406b0ebe86958239",
                "sha256:c6a842537f887be1fe115d8abb5daa9bc8cc124e455ff995830cc785624a97af",
                "sha256:cf0a2e040fdf5a6d95f4c286c6ef1df6b36c218b528c8a9158ec2452a804b9b8",
                "sha256:cfd28aad6fc61f7a5d4ee556a997dc6e5555d9381d1390c00ecaf984d57e4232",
                "sha256:dca5660e25932771460d4688ccbb515677caaf8595f3f3240ec16c117deff89a",
                "sha256:de7aedc85918c2f887886442e50f52c1b93545606317956d65f342bd81cb4fc3",
                "sha256:e6c0bbf8e277b74196e3140c35f9a1ae3eafd818f7f2d3a15819c49135d6c062"
            ],
            "index": "pypi",
            "version": "==6.0.0"
        },
        "promise": {
            "hashes": [
                "sha256:2ebbfc10b7abf6354403ed785fe4f04b9dfd421eb1a474ac8d187022228332af",
                "sha256:348f5f6c3edd4fd47c9cd65aed03ac1b31136d375aa63871a57d3e444c85655c"
            ],
            "version": "==2.2.1"
        },
        "pyscreenshot": {
            "hashes": [
                "sha256:19ec6d17a61c0cd4e7fcf3ab2685598a54b53dc781755393cc5f76dcb7bf359c"
            ],
            "index": "pypi",
            "version": "==0.5.1"
        },
        "python-multipart": {
            "hashes": [
                "sha256:f7bb5f611fc600d15fa47b3974c8aa16e93724513b49b5f95c81e6624c83fa43"
            ],
            "version": "==0.0.5"
        },
        "pyyaml": {
            "hashes": [
                "sha256:57acc1d8533cbe51f6662a55434f0dbecfa2b9eaf115bede8f6fd00115a0c0d3",
                "sha256:588c94b3d16b76cfed8e0be54932e5729cc185caffaa5a451e7ad2f7ed8b4043",
                "sha256:68c8dd247f29f9a0d09375c9c6b8fdc64b60810ebf07ba4cdd64ceee3a58c7b7",
                "sha256:70d9818f1c9cd5c48bb87804f2efc8692f1023dac7f1a1a5c61d454043c1d265",
                "sha256:86a93cccd50f8c125286e637328ff4eef108400dd7089b46a7be3445eecfa391",
                "sha256:a0f329125a926876f647c9fa0ef32801587a12328b4a3c741270464e3e4fa778",
                "sha256:a3c252ab0fa1bb0d5a3f6449a4826732f3eb6c0270925548cac342bc9b22c225",
                "sha256:b4bb4d3f5e232425e25dda21c070ce05168a786ac9eda43768ab7f3ac2770955",
                "sha256:cd0618c5ba5bda5f4039b9398bb7fb6a317bb8298218c3de25c47c4740e4b95e",
                "sha256:ceacb9e5f8474dcf45b940578591c7f3d960e82f926c707788a570b51ba59190",
                "sha256:fe6a88094b64132c4bb3b631412e90032e8cfe9745a58370462240b8cb7553cd"
            ],
            "version": "==5.1.1"
        },
        "requests": {
            "hashes": [
                "sha256:11e007a8a2aa0323f5a921e9e6a2d7e4e67d9877e85773fba9ba6419025cbeb4",
                "sha256:9cf5292fcd0f598c671cfc1e0d7d1a7f13bb8085e9a590f48c010551dc6c4b31"
            ],
            "version": "==2.22.0"
        },
        "requests-toolbelt": {
            "hashes": [
                "sha256:380606e1d10dc85c3bd47bf5a6095f815ec007be7a8b69c878507068df059e6f",
                "sha256:968089d4584ad4ad7c171454f0a5c6dac23971e9472521ea3b6d49d610aa6fc0"
            ],
            "version": "==0.9.1"
        },
        "responder": {
            "hashes": [
                "sha256:717ad3d85999007066aac62ff822913452940f9679a8ae6b77597e2e7c841ec4",
                "sha256:a8936a250620f99aa8f88813963d433f32c82acba81f1b45ae23f3dd84a3a219"
            ],
            "index": "pypi",
            "version": "==1.3.1"
        },
        "rfc3986": {
            "hashes": [
                "sha256:0344d0bd428126ce554e7ca2b61787b6a28d2bbd19fc70ed2dd85efe31176405",
                "sha256:df4eba676077cefb86450c8f60121b9ae04b94f65f85b69f3f731af0516b7b18"
            ],
            "version": "==1.3.2"
        },
        "rx": {
            "hashes": [
                "sha256:13a1d8d9e252625c173dc795471e614eadfe1cf40ffc684e08b8fff0d9748c23",
                "sha256:7357592bc7e881a95e0c2013b73326f704953301ab551fbc8133a6fadab84105"
            ],
            "version": "==1.6.1"
        },
        "six": {
            "hashes": [
                "sha256:3350809f0555b11f552448330d0b52d5f24c91a322ea4a15ef22629740f3761c",
                "sha256:d16a0141ec1a18405cd4ce8b4613101da75da0e9a7aec5bdd4fa804d0e0eba73"
            ],
            "version": "==1.12.0"
        },
        "starlette": {
            "hashes": [
                "sha256:8bc2e41f7638290379ae91450413796f92d6c97b88a6b754f3c1a7f8bc7a07d6"
            ],
            "version": "==0.10.7"
        },
        "typesystem": {
            "hashes": [
                "sha256:948f15c35ca8f57560d69d3fa5c78b3f650e03500461bc366fc55c7b23374880"
            ],
            "version": "==0.2.3"
        },
        "urllib3": {
            "hashes": [
                "sha256:b246607a25ac80bedac05c6f282e3cdaf3afb65420fd024ac94435cabe6e18d1",
                "sha256:dbe59173209418ae49d485b87d1681aefa36252ee85884c31346debd19463232"
            ],
            "version": "==1.25.3"
        },
        "uvicorn": {
            "hashes": [
                "sha256:62871b3da0db0f398ef9ec87914737cc479f5f2c36c2be8f9fbbabf73a09b66c"
            ],
            "version": "==0.8.2"
        },
        "uvloop": {
            "hashes": [
                "sha256:0fcd894f6fc3226a962ee7ad895c4f52e3f5c3c55098e21efb17c071849a0573",
                "sha256:2f31de1742c059c96cb76b91c5275b22b22b965c886ee1fced093fa27dde9e64",
                "sha256:459e4649fcd5ff719523de33964aa284898e55df62761e7773d088823ccbd3e0",
                "sha256:67867aafd6e0bc2c30a079603a85d83b94f23c5593b3cc08ec7e58ac18bf48e5",
                "sha256:8c200457e6847f28d8bb91c5e5039d301716f5f2fce25646f5fb3fd65eda4a26",
                "sha256:958906b9ca39eb158414fbb7d6b8ef1b7aee4db5c8e8e5d00fcbb69a1ce9dca7",
                "sha256:ac1dca3d8f3ef52806059e81042ee397ac939e5a86c8a3cea55d6b087db66115",
                "sha256:b284c22d8938866318e3b9d178142b8be316c52d16fcfe1560685a686718a021",
                "sha256:c48692bf4587ce281d641087658eca275a5ad3b63c78297bbded96570ae9ce8f",
                "sha256:fefc3b2b947c99737c348887db2c32e539160dcbeb7af9aa6b53db7a283538fe"
            ],
            "markers": "sys_platform != 'win32' and sys_platform != 'cygwin' and sys_platform != 'cli'",
            "version": "==0.12.2"
        },
        "websockets": {
            "hashes": [
                "sha256:04b42a1b57096ffa5627d6a78ea1ff7fad3bc2c0331ffc17bc32a4024da7fea0",
                "sha256:08e3c3e0535befa4f0c4443824496c03ecc25062debbcf895874f8a0b4c97c9f",
                "sha256:10d89d4326045bf5e15e83e9867c85d686b612822e4d8f149cf4840aab5f46e0",
                "sha256:232fac8a1978fc1dead4b1c2fa27c7756750fb393eb4ac52f6bc87ba7242b2fa",
                "sha256:4bf4c8097440eff22bc78ec76fe2a865a6e658b6977a504679aaf08f02c121da",
                "sha256:51642ea3a00772d1e48fb0c492f0d3ae3b6474f34d20eca005a83f8c9c06c561",
                "sha256:55d86102282a636e195dad68aaaf85b81d0bef449d7e2ef2ff79ac450bb25d53",
                "sha256:564d2675682bd497b59907d2205031acbf7d3fadf8c763b689b9ede20300b215",
                "sha256:5d13bf5197a92149dc0badcc2b699267ff65a867029f465accfca8abab95f412",
                "sha256:5eda665f6789edb9b57b57a159b9c55482cbe5b046d7db458948370554b16439",
                "sha256:5edb2524d4032be4564c65dc4f9d01e79fe8fad5f966e5b552f4e5164fef0885",
                "sha256:79691794288bc51e2a3b8de2bc0272ca8355d0b8503077ea57c0716e840ebaef",
                "sha256:7fcc8681e9981b9b511cdee7c580d5b005f3bb86b65bde2188e04a29f1d63317",
                "sha256:8e447e05ec88b1b408a4c9cde85aa6f4b04f06aa874b9f0b8e8319faf51b1fee",
                "sha256:90ea6b3e7787620bb295a4ae050d2811c807d65b1486749414f78cfd6fb61489",
                "sha256:9e13239952694b8b831088431d15f771beace10edfcf9ef230cefea14f18508f",
                "sha256:d40f081187f7b54d7a99d8a5c782eaa4edc335a057aa54c85059272ed826dc09",
                "sha256:e1df1a58ed2468c7b7ce9a2f9752a32ad08eac2bcd56318625c3647c2cd2da6f",
                "sha256:e98d0cec437097f09c7834a11c69d79fe6241729b23f656cfc227e93294fc242",
                "sha256:f8d59627702d2ff27cb495ca1abdea8bd8d581de425c56e93bff6517134e0a9b",
                "sha256:fc30cdf2e949a2225b012a7911d1d031df3d23e99b7eda7dfc982dc4a860dae9"
            ],
            "version": "==7.0"
        },
        "whitenoise": {
            "hashes": [
                "sha256:118ab3e5f815d380171b100b05b76de2a07612f422368a201a9ffdeefb2251c1",
                "sha256:42133ddd5229eeb6a0c9899496bdbe56c292394bf8666da77deeb27454c0456a"
            ],
            "version": "==4.1.2"
        }
    },
    "develop": {}
}
